
Microsoft Visual Studio Solution File, Format Version 12.00
# Visual Studio Version 17
VisualStudioVersion = 17.0.31903.59
MinimumVisualStudioVersion = 10.0.40219.1
Project("{2150E333-8FDC-42A3-9474-1A3956D46DE8}") = "src", "src", "{827E0CD3-B72D-47B6-A68D-7590B98EB39B}"
EndProject
Project("{FAE04EC0-301F-11D3-BF4B-00C04F79EFBC}") = "NDjango.Admin.Core", "src\NDjango.Admin.Core\NDjango.Admin.Core.csproj", "{A3BD57E8-DC1A-4792-8ED2-0B0B74E40D55}"
EndProject
Project("{FAE04EC0-301F-11D3-BF4B-00C04F79EFBC}") = "NDjango.Admin.AspNetCore", "src\NDjango.Admin.AspNetCore\NDjango.Admin.AspNetCore.csproj", "{49B94C73-4CD1-4C03-86A1-01787EE42E5C}"
EndProject
Project("{FAE04EC0-301F-11D3-BF4B-00C04F79EFBC}") = "NDjango.Admin.EntityFrameworkCore.Relational", "src\NDjango.Admin.EntityFrameworkCore.Relational\NDjango.Admin.EntityFrameworkCore.Relational.csproj", "{35FD2616-4FFA-4B97-A6C0-F5BB55E32832}"
EndProject
Project("{FAE04EC0-301F-11D3-BF4B-00C04F79EFBC}") = "NDjango.Admin.AspNetCore.AdminDashboard", "src\NDjango.Admin.AspNetCore.AdminDashboard\NDjango.Admin.AspNetCore.AdminDashboard.csproj", "{D7548CCE-6EA1-4014-BC84-72493C510F5C}"
EndProject
Project("{FAE04EC0-301F-11D3-BF4B-00C04F79EFBC}") = "NDjango.Admin.Core.Tests", "test\NDjango.Admin.Core.Tests\NDjango.Admin.Core.Tests.csproj", "{C87BC485-E082-4083-8F08-F8F568CE174D}"
EndProject
Project("{FAE04EC0-301F-11D3-BF4B-00C04F79EFBC}") = "NDjango.Admin.AspNetCore.Tests", "test\NDjango.Admin.AspNetCore.Tests\NDjango.Admin.AspNetCore.Tests.csproj", "{B2DF6C12-C54E-4229-B118-631C3A36E9E7}"
EndProject
Project("{FAE04EC0-301F-11D3-BF4B-00C04F79EFBC}") = "NDjango.Admin.EntityFrameworkCore.Relational.Tests", "test\NDjango.Admin.EntityFrameworkCore.Relational.Tests\NDjango.Admin.EntityFrameworkCore.Relational.Tests.csproj", "{270B0342-105C-48BA-8E82-A60C0348DFF5}"
EndProject
Project("{FAE04EC0-301F-11D3-BF4B-00C04F79EFBC}") = "NDjango.Admin.AspNetCore.AdminDashboard.Tests", "test\NDjango.Admin.AspNetCore.AdminDashboard.Tests\NDjango.Admin.AspNetCore.AdminDashboard.Tests.csproj", "{AE7309E3-1E3C-4789-9E6E-71BAFD5AFBF4}"
EndProject
Project("{FAE04EC0-301F-11D3-BF4B-00C04F79EFBC}") = "NDjango.Admin.AspNetCore.AdminDashboard.Core", "src\NDjango.Admin.AspNetCore.AdminDashboard.Core\NDjango.Admin.AspNetCore.AdminDashboard.Core.csproj", "{9B3072A3-2691-4460-8223-B105DC3CD244}"
EndProject
Project("{FAE04EC0-301F-11D3-BF4B-00C04F79EFBC}") = "NDjango.Admin.MongoDB", "src\NDjango.Admin.MongoDB\NDjango.Admin.MongoDB.csproj", "{FB7DF4F9-678A-48D4-B30C-9AEB191D99C0}"
EndProject
Project("{2150E333-8FDC-42A3-9474-1A3956D46DE8}") = "test", "test", "{0C88DD14-F956-CE84-757C-A364CCF449FC}"
EndProject
Project("{FAE04EC0-301F-11D3-BF4B-00C04F79EFBC}") = "NDjango.Admin.MongoDB.Tests", "test\NDjango.Admin.MongoDB.Tests\NDjango.Admin.MongoDB.Tests.csproj", "{7CF7F2CD-767A-4B10-8E07-EDB0DE51B1C1}"
EndProject
Global
	GlobalSection(SolutionConfigurationPlatforms) = preSolution
		Debug|Any CPU = Debug|Any CPU
		Debug|x64 = Debug|x64
		Debug|x86 = Debug|x86
		Release|Any CPU = Release|Any CPU
		Release|x64 = Release|x64
		Release|x86 = Release|x86
	EndGlobalSection
	GlobalSection(ProjectConfigurationPlatforms) = postSolution
		{A3BD57E8-DC1A-4792-8ED2-0B0B74E40D55}.Debug|Any CPU.ActiveCfg = Debug|Any CPU
		{A3BD57E8-DC1A-4792-8ED2-0B0B74E40D55}.Debug|Any CPU.Build.0 = Debug|Any CPU
		{A3BD57E8-DC1A-4792-8ED2-0B0B74E40D55}.Debug|x64.ActiveCfg = Debug|Any CPU
		{A3BD57E8-DC1A-4792-8ED2-0B0B74E40D55}.Debug|x64.Build.0 = Debug|Any CPU
		{A3BD57E8-DC1A-4792-8ED2-0B0B74E40D55}.Debug|x86.ActiveCfg = Debug|Any CPU
		{A3BD57E8-DC1A-4792-8ED2-0B0B74E40D55}.Debug|x86.Build.0 = Debug|Any CPU
		{A3BD57E8-DC1A-4792-8ED2-0B0B74E40D55}.Release|Any CPU.ActiveCfg = Release|Any CPU
		{A3BD57E8-DC1A-4792-8ED2-0B0B74E40D55}.Release|Any CPU.Build.0 = Release|Any CPU
		{A3BD57E8-DC1A-4792-8ED2-0B0B74E40D55}.Release|x64.ActiveCfg = Release|Any CPU
		{A3BD57E8-DC1A-4792-8ED2-0B0B74E40D55}.Release|x64.Build.0 = Release|Any CPU
		{A3BD57E8-DC1A-4792-8ED2-0B0B74E40D55}.Release|x86.ActiveCfg = Release|Any CPU
		{A3BD57E8-DC1A-4792-8ED2-0B0B74E40D55}.Release|x86.Build.0 = Release|Any CPU
		{49B94C73-4CD1-4C03-86A1-01787EE42E5C}.Debug|Any CPU.ActiveCfg = Debug|Any CPU
		{49B94C73-4CD1-4C03-86A1-01787EE42E5C}.Debug|Any CPU.Build.0 = Debug|Any CPU
		{49B94C73-4CD1-4C03-86A1-01787EE42E5C}.Debug|x64.ActiveCfg = Debug|Any CPU
		{49B94C73-4CD1-4C03-86A1-01787EE42E5C}.Debug|x64.Build.0 = Debug|Any CPU
		{49B94C73-4CD1-4C03-86A1-01787EE42E5C}.Debug|x86.ActiveCfg = Debug|Any CPU
		{49B94C73-4CD1-4C03-86A1-01787EE42E5C}.Debug|x86.Build.0 = Debug|Any CPU
		{49B94C73-4CD1-4C03-86A1-01787EE42E5C}.Release|Any CPU.ActiveCfg = Release|Any CPU
		{49B94C73-4CD1-4C03-86A1-01787EE42E5C}.Release|Any CPU.Build.0 = Release|Any CPU
		{49B94C73-4CD1-4C03-86A1-01787EE42E5C}.Release|x64.ActiveCfg = Release|Any CPU
		{49B94C73-4CD1-4C03-86A1-01787EE42E5C}.Release|x64.Build.0 = Release|Any CPU
		{49B94C73-4CD1-4C03-86A1-01787EE42E5C}.Release|x86.ActiveCfg = Release|Any CPU
		{49B94C73-4CD1-4C03-86A1-01787EE42E5C}.Release|x86.Build.0 = Release|Any CPU
		{35FD2616-4FFA-4B97-A6C0-F5BB55E32832}.Debug|Any CPU.ActiveCfg = Debug|Any CPU
		{35FD2616-4FFA-4B97-A6C0-F5BB55E32832}.Debug|Any CPU.Build.0 = Debug|Any CPU
		{35FD2616-4FFA-4B97-A6C0-F5BB55E32832}.Debug|x64.ActiveCfg = Debug|Any CPU
		{35FD2616-4FFA-4B97-A6C0-F5BB55E32832}.Debug|x64.Build.0 = Debug|Any CPU
		{35FD2616-4FFA-4B97-A6C0-F5BB55E32832}.Debug|x86.ActiveCfg = Debug|Any CPU
		{35FD2616-4FFA-4B97-A6C0-F5BB55E32832}.Debug|x86.Build.0 = Debug|Any CPU
		{35FD2616-4FFA-4B97-A6C0-F5BB55E32832}.Release|Any CPU.ActiveCfg = Release|Any CPU
		{35FD2616-4FFA-4B97-A6C0-F5BB55E32832}.Release|Any CPU.Build.0 = Release|Any CPU
		{35FD2616-4FFA-4B97-A6C0-F5BB55E32832}.Release|x64.ActiveCfg = Release|Any CPU
		{35FD2616-4FFA-4B97-A6C0-F5BB55E32832}.Release|x64.Build.0 = Release|Any CPU
		{35FD2616-4FFA-4B97-A6C0-F5BB55E32832}.Release|x86.ActiveCfg = Release|Any CPU
		{35FD2616-4FFA-4B97-A6C0-F5BB55E32832}.Release|x86.Build.0 = Release|Any CPU
		{D7548CCE-6EA1-4014-BC84-72493C510F5C}.Debug|Any CPU.ActiveCfg = Debug|Any CPU
		{D7548CCE-6EA1-4014-BC84-72493C510F5C}.Debug|Any CPU.Build.0 = Debug|Any CPU
		{D7548CCE-6EA1-4014-BC84-72493C510F5C}.Debug|x64.ActiveCfg = Debug|Any CPU
		{D7548CCE-6EA1-4014-BC84-72493C510F5C}.Debug|x64.Build.0 = Debug|Any CPU
		{D7548CCE-6EA1-4014-BC84-72493C510F5C}.Debug|x86.ActiveCfg = Debug|Any CPU
		{D7548CCE-6EA1-4014-BC84-72493C510F5C}.Debug|x86.Build.0 = Debug|Any CPU
		{D7548CCE-6EA1-4014-BC84-72493C510F5C}.Release|Any CPU.ActiveCfg = Release|Any CPU
		{D7548CCE-6EA1-4014-BC84-72493C510F5C}.Release|Any CPU.Build.0 = Release|Any CPU
		{D7548CCE-6EA1-4014-BC84-72493C510F5C}.Release|x64.ActiveCfg = Release|Any CPU
		{D7548CCE-6EA1-4014-BC84-72493C510F5C}.Release|x64.Build.0 = Release|Any CPU
		{D7548CCE-6EA1-4014-BC84-72493C510F5C}.Release|x86.ActiveCfg = Release|Any CPU
		{D7548CCE-6EA1-4014-BC84-72493C510F5C}.Release|x86.Build.0 = Release|Any CPU
		{C87BC485-E082-4083-8F08-F8F568CE174D}.Debug|Any CPU.ActiveCfg = Debug|Any CPU
		{C87BC485-E082-4083-8F08-F8F568CE174D}.Debug|Any CPU.Build.0 = Debug|Any CPU
		{C87BC485-E082-4083-8F08-F8F568CE174D}.Debug|x64.ActiveCfg = Debug|Any CPU
		{C87BC485-E082-4083-8F08-F8F568CE174D}.Debug|x64.Build.0 = Debug|Any CPU
		{C87BC485-E082-4083-8F08-F8F568CE174D}.Debug|x86.ActiveCfg = Debug|Any CPU
		{C87BC485-E082-4083-8F08-F8F568CE174D}.Debug|x86.Build.0 = Debug|Any CPU
		{C87BC485-E082-4083-8F08-F8F568CE174D}.Release|Any CPU.ActiveCfg = Release|Any CPU
		{C87BC485-E082-4083-8F08-F8F568CE174D}.Release|Any CPU.Build.0 = Release|Any CPU
		{C87BC485-E082-4083-8F08-F8F568CE174D}.Release|x64.ActiveCfg = Release|Any CPU
		{C87BC485-E082-4083-8F08-F8F568CE174D}.Release|x64.Build.0 = Release|Any CPU
		{C87BC485-E082-4083-8F08-F8F568CE174D}.Release|x86.ActiveCfg = Release|Any CPU
		{C87BC485-E082-4083-8F08-F8F568CE174D}.Release|x86.Build.0 = Release|Any CPU
		{B2DF6C12-C54E-4229-B118-631C3A36E9E7}.Debug|Any CPU.ActiveCfg = Debug|Any CPU
		{B2DF6C12-C54E-4229-B118-631C3A36E9E7}.Debug|Any CPU.Build.0 = Debug|Any CPU
		{B2DF6C12-C54E-4229-B118-631C3A36E9E7}.Debug|x64.ActiveCfg = Debug|Any CPU
		{B2DF6C12-C54E-4229-B118-631C3A36E9E7}.Debug|x64.Build.0 = Debug|Any CPU
		{B2DF6C12-C54E-4229-B118-631C3A36E9E7}.Debug|x86.ActiveCfg = Debug|Any CPU
		{B2DF6C12-C54E-4229-B118-631C3A36E9E7}.Debug|x86.Build.0 = Debug|Any CPU
		{B2DF6C12-C54E-4229-B118-631C3A36E9E7}.Release|Any CPU.ActiveCfg = Release|Any CPU
		{B2DF6C12-C54E-4229-B118-631C3A36E9E7}.Release|Any CPU.Build.0 = Release|Any CPU
		{B2DF6C12-C54E-4229-B118-631C3A36E9E7}.Release|x64.ActiveCfg = Release|Any CPU
		{B2DF6C12-C54E-4229-B118-631C3A36E9E7}.Release|x64.Build.0 = Release|Any CPU
		{B2DF6C12-C54E-4229-B118-631C3A36E9E7}.Release|x86.ActiveCfg = Release|Any CPU
		{B2DF6C12-C54E-4229-B118-631C3A36E9E7}.Release|x86.Build.0 = Release|Any CPU
		{270B0342-105C-48BA-8E82-A60C0348DFF5}.Debug|Any CPU.ActiveCfg = Debug|Any CPU
		{270B0342-105C-48BA-8E82-A60C0348DFF5}.Debug|Any CPU.Build.0 = Debug|Any CPU
		{270B0342-105C-48BA-8E82-A60C0348DFF5}.Debug|x64.ActiveCfg = Debug|Any CPU
		{270B0342-105C-48BA-8E82-A60C0348DFF5}.Debug|x64.Build.0 = Debug|Any CPU
		{270B0342-105C-48BA-8E82-A60C0348DFF5}.Debug|x86.ActiveCfg = Debug|Any CPU
		{270B0342-105C-48BA-8E82-A60C0348DFF5}.Debug|x86.Build.0 = Debug|Any CPU
		{270B0342-105C-48BA-8E82-A60C0348DFF5}.Release|Any CPU.ActiveCfg = Release|Any CPU
		{270B0342-105C-48BA-8E82-A60C0348DFF5}.Release|Any CPU.Build.0 = Release|Any CPU
		{270B0342-105C-48BA-8E82-A60C0348DFF5}.Release|x64.ActiveCfg = Release|Any CPU
		{270B0342-105C-48BA-8E82-A60C0348DFF5}.Release|x64.Build.0 = Release|Any CPU
		{270B0342-105C-48BA-8E82-A60C0348DFF5}.Release|x86.ActiveCfg = Release|Any CPU
		{270B0342-105C-48BA-8E82-A60C0348DFF5}.Release|x86.Build.0 = Release|Any CPU
		{AE7309E3-1E3C-4789-9E6E-71BAFD5AFBF4}.Debug|Any CPU.ActiveCfg = Debug|Any CPU
		{AE7309E3-1E3C-4789-9E6E-71BAFD5AFBF4}.Debug|Any CPU.Build.0 = Debug|Any CPU
		{AE7309E3-1E3C-4789-9E6E-71BAFD5AFBF4}.Debug|x64.ActiveCfg = Debug|Any CPU
		{AE7309E3-1E3C-4789-9E6E-71BAFD5AFBF4}.Debug|x64.Build.0 = Debug|Any CPU
		{AE7309E3-1E3C-4789-9E6E-71BAFD5AFBF4}.Debug|x86.ActiveCfg = Debug|Any CPU
		{AE7309E3-1E3C-4789-9E6E-71BAFD5AFBF4}.Debug|x86.Build.0 = Debug|Any CPU
		{AE7309E3-1E3C-4789-9E6E-71BAFD5AFBF4}.Release|Any CPU.ActiveCfg = Release|Any CPU
		{AE7309E3-1E3C-4789-9E6E-71BAFD5AFBF4}.Release|Any CPU.Build.0 = Release|Any CPU
		{AE7309E3-1E3C-4789-9E6E-71BAFD5AFBF4}.Release|x64.ActiveCfg = Release|Any CPU
		{AE7309E3-1E3C-4789-9E6E-71BAFD5AFBF4}.Release|x64.Build.0 = Release|Any CPU
		{AE7309E3-1E3C-4789-9E6E-71BAFD5AFBF4}.Release|x86.ActiveCfg = Release|Any CPU
		{AE7309E3-1E3C-4789-9E6E-71BAFD5AFBF4}.Release|x86.Build.0 = Release|Any CPU
		{9B3072A3-2691-4460-8223-B105DC3CD244}.Debug|Any CPU.ActiveCfg = Debug|Any CPU
		{9B3072A3-2691-4460-8223-B105DC3CD244}.Debug|Any CPU.Build.0 = Debug|Any CPU
		{9B3072A3-2691-4460-8223-B105DC3CD244}.Debug|x64.ActiveCfg = Debug|Any CPU
		{9B3072A3-2691-4460-8223-B105DC3CD244}.Debug|x64.Build.0 = Debug|Any CPU
		{9B3072A3-2691-4460-8223-B105DC3CD244}.Debug|x86.ActiveCfg = Debug|Any CPU
		{9B3072A3-2691-4460-8223-B105DC3CD244}.Debug|x86.Build.0 = Debug|Any CPU
		{9B3072A3-2691-4460-8223-B105DC3CD244}.Release|Any CPU.ActiveCfg = Release|Any CPU
		{9B3072A3-2691-4460-8223-B105DC3CD244}.Release|Any CPU.Build.0 = Release|Any CPU
		{9B3072A3-2691-4460-8223-B105DC3CD244}.Release|x64.ActiveCfg = Release|Any CPU
		{9B3072A3-2691-4460-8223-B105DC3CD244}.Release|x64.Build.0 = Release|Any CPU
		{9B3072A3-2691-4460-8223-B105DC3CD244}.Release|x86.ActiveCfg = Release|Any CPU
		{9B3072A3-2691-4460-8223-B105DC3CD244}.Release|x86.Build.0 = Release|Any CPU
		{FB7DF4F9-678A-48D4-B30C-9AEB191D99C0}.Debug|Any CPU.ActiveCfg = Debug|Any CPU
		{FB7DF4F9-678A-48D4-B30C-9AEB191D99C0}.Debug|Any CPU.Build.0 = Debug|Any CPU
		{FB7DF4F9-678A-48D4-B30C-9AEB191D99C0}.Debug|x64.ActiveCfg = Debug|Any CPU
		{FB7DF4F9-678A-48D4-B30C-9AEB191D99C0}.Debug|x64.Build.0 = Debug|Any CPU
		{FB7DF4F9-678A-48D4-B30C-9AEB191D99C0}.Debug|x86.ActiveCfg = Debug|Any CPU
		{FB7DF4F9-678A-48D4-B30C-9AEB191D99C0}.Debug|x86.Build.0 = Debug|Any CPU
		{FB7DF4F9-678A-48D4-B30C-9AEB191D99C0}.Release|Any CPU.ActiveCfg = Release|Any CPU
		{FB7DF4F9-678A-48D4-B30C-9AEB191D99C0}.Release|Any CPU.Build.0 = Release|Any CPU
		{FB7DF4F9-678A-48D4-B30C-9AEB191D99C0}.Release|x64.ActiveCfg = Release|Any CPU
		{FB7DF4F9-678A-48D4-B30C-9AEB191D99C0}.Release|x64.Build.0 = Release|Any CPU
		{FB7DF4F9-678A-48D4-B30C-9AEB191D99C0}.Release|x86.ActiveCfg = Release|Any CPU
		{FB7DF4F9-678A-48D4-B30C-9AEB191D99C0}.Release|x86.Build.0 = Release|Any CPU
		{7CF7F2CD-767A-4B10-8E07-EDB0DE51B1C1}.Debug|Any CPU.ActiveCfg = Debug|Any CPU
		{7CF7F2CD-767A-4B10-8E07-EDB0DE51B1C1}.Debug|Any CPU.Build.0 = Debug|Any CPU
		{7CF7F2CD-767A-4B10-8E07-EDB0DE51B1C1}.Debug|x64.ActiveCfg = Debug|Any CPU
		{7CF7F2CD-767A-4B10-8E07-EDB0DE51B1C1}.Debug|x64.Build.0 = Debug|Any CPU
		{7CF7F2CD-767A-4B10-8E07-EDB0DE51B1C1}.Debug|x86.ActiveCfg = Debug|Any CPU
		{7CF7F2CD-767A-4B10-8E07-EDB0DE51B1C1}.Debug|x86.Build.0 = Debug|Any CPU
		{7CF7F2CD-767A-4B10-8E07-EDB0DE51B1C1}.Release|Any CPU.ActiveCfg = Release|Any CPU
		{7CF7F2CD-767A-4B10-8E07-EDB0DE51B1C1}.Release|Any CPU.Build.0 = Release|Any CPU
		{7CF7F2CD-767A-4B10-8E07-EDB0DE51B1C1}.Release|x64.ActiveCfg = Release|Any CPU
		{7CF7F2CD-767A-4B10-8E07-EDB0DE51B1C1}.Release|x64.Build.0 = Release|Any CPU
		{7CF7F2CD-767A-4B10-8E07-EDB0DE51B1C1}.Release|x86.ActiveCfg = Release|Any CPU
		{7CF7F2CD-767A-4B10-8E07-EDB0DE51B1C1}.Release|x86.Build.0 = Release|Any CPU
	EndGlobalSection
	GlobalSection(SolutionProperties) = preSolution
		HideSolutionNode = FALSE
	EndGlobalSection
	GlobalSection(NestedProjects) = preSolution
		{A3BD57E8-DC1A-4792-8ED2-0B0B74E40D55} = {827E0CD3-B72D-47B6-A68D-7590B98EB39B}
		{49B94C73-4CD1-4C03-86A1-01787EE42E5C} = {827E0CD3-B72D-47B6-A68D-7590B98EB39B}
		{35FD2616-4FFA-4B97-A6C0-F5BB55E32832} = {827E0CD3-B72D-47B6-A68D-7590B98EB39B}
		{D7548CCE-6EA1-4014-BC84-72493C510F5C} = {827E0CD3-B72D-47B6-A68D-7590B98EB39B}
		{C87BC485-E082-4083-8F08-F8F568CE174D} = {827E0CD3-B72D-47B6-A68D-7590B98EB39B}
		{B2DF6C12-C54E-4229-B118-631C3A36E9E7} = {827E0CD3-B72D-47B6-A68D-7590B98EB39B}
		{270B0342-105C-48BA-8E82-A60C0348DFF5} = {827E0CD3-B72D-47B6-A68D-7590B98EB39B}
		{AE7309E3-1E3C-4789-9E6E-71BAFD5AFBF4} = {827E0CD3-B72D-47B6-A68D-7590B98EB39B}
		{9B3072A3-2691-4460-8223-B105DC3CD244} = {827E0CD3-B72D-47B6-A68D-7590B98EB39B}
		{FB7DF4F9-678A-48D4-B30C-9AEB191D99C0} = {827E0CD3-B72D-47B6-A68D-7590B98EB39B}
		{7CF7F2CD-767A-4B10-8E07-EDB0DE51B1C1} = {0C88DD14-F956-CE84-757C-A364CCF449FC}
	EndGlobalSection
EndGlobal
